
Microsoft Visual Studio Solution File, Format Version 12.00
# Visual Studio Version 17
VisualStudioVersion = 17.4.33403.182
MinimumVisualStudioVersion = 10.0.40219.1
Project("{9A19103F-16F7-4668-BE54-9A1E7A4F7556}") = "MQTTClientDemo", "MQTTClientDemo\MQTTClientDemo.csproj", "{5E951F3F-F51E-4B2D-BF17-5B6AE29AAD7C}"
EndProject
Project("{FAE04EC0-301F-11D3-BF4B-00C04F79EFBC}") = "MQTTListener", "MQTTListener\MQTTListener.csproj", "{F77383F1-D54C-48F4-AC7C-051E287461DF}"
EndProject
Global
	GlobalSection(SolutionConfigurationPlatforms) = preSolution
		Debug|Any CPU = Debug|Any CPU
		Release|Any CPU = Release|Any CPU
	EndGlobalSection
	GlobalSection(ProjectConfigurationPlatforms) = postSolution
		{5E951F3F-F51E-4B2D-BF17-5B6AE29AAD7C}.Debug|Any CPU.ActiveCfg = Debug|Any CPU
		{5E951F3F-F51E-4B2D-BF17-5B6AE29AAD7C}.Debug|Any CPU.Build.0 = Debug|Any CPU
		{5E951F3F-F51E-4B2D-BF17-5B6AE29AAD7C}.Release|Any CPU.ActiveCfg = Release|Any CPU
		{5E951F3F-F51E-4B2D-BF17-5B6AE29AAD7C}.Release|Any CPU.Build.0 = Release|Any CPU
		{F77383F1-D54C-48F4-AC7C-051E287461DF}.Debug|Any CPU.ActiveCfg = Debug|Any CPU
		{F77383F1-D54C-48F4-AC7C-051E287461DF}.Debug|Any CPU.Build.0 = Debug|Any CPU
		{F77383F1-D54C-48F4-AC7C-051E287461DF}.Release|Any CPU.ActiveCfg = Release|Any CPU
		{F77383F1-D54C-48F4-AC7C-051E287461DF}.Release|Any CPU.Build.0 = Release|Any CPU
	EndGlobalSection
	GlobalSection(SolutionProperties) = preSolution
		HideSolutionNode = FALSE
	EndGlobalSection
	GlobalSection(ExtensibilityGlobals) = postSolution
		SolutionGuid = {CDB5DF92-2A70-441F-A02F-A811F8BEA0D5}
	EndGlobalSection
EndGlobal
